
Microsoft Visual Studio Solution File, Format Version 12.00
# Visual Studio Version 16
VisualStudioVersion = 16.0.29215.179
MinimumVisualStudioVersion = 10.0.40219.1
Project("{8BC9CEB8-8B4A-11D0-8D11-00A0C91BC942}") = "Flyweight01", "Flyweight01\Flyweight01.vcxproj", "{94138949-C6BC-4780-9DC1-01BCC9212FD3}"
EndProject
Project("{8BC9CEB8-8B4A-11D0-8D11-00A0C91BC942}") = "Flyweight02", "Flyweight02\Flyweight02.vcxproj", "{79346FC3-938D-43E2-ABBB-5549FBD99F91}"
EndProject
Project("{8BC9CEB8-8B4A-11D0-8D11-00A0C91BC942}") = "Flyweight03", "Flyweight03\Flyweight03.vcxproj", "{91B81453-1369-4A7A-8EC5-06FD8E48806B}"
EndProject
Project("{8BC9CEB8-8B4A-11D0-8D11-00A0C91BC942}") = "Singleton01", "Singleton01\Singleton01.vcxproj", "{E7645CD0-65BD-4243-A485-54C29A4890BF}"
EndProject
Project("{8BC9CEB8-8B4A-11D0-8D11-00A0C91BC942}") = "Singleton02", "Singleton02\Singleton02.vcxproj", "{9C5303F5-61DA-4A2F-8058-25B434DFA2E1}"
EndProject
Project("{8BC9CEB8-8B4A-11D0-8D11-00A0C91BC942}") = "Singleton03", "Singleton03\Singleton03.vcxproj", "{2F14B756-012E-4267-BEA7-628153368497}"
EndProject
Project("{8BC9CEB8-8B4A-11D0-8D11-00A0C91BC942}") = "Singleton04", "Singleton04\Singleton04.vcxproj", "{49625574-7CE2-409A-B6E2-E056C8741816}"
EndProject
Project("{8BC9CEB8-8B4A-11D0-8D11-00A0C91BC942}") = "Singleton05", "Singleton05\Singleton05.vcxproj", "{4936F410-2A70-41BC-87EC-3384F5D65C5E}"
EndProject
Project("{8BC9CEB8-8B4A-11D0-8D11-00A0C91BC942}") = "Singleton06", "Singleton06\Singleton06.vcxproj", "{1F45B13B-D63B-4C19-B6D4-E366D9A816A2}"
EndProject
Project("{8BC9CEB8-8B4A-11D0-8D11-00A0C91BC942}") = "Singleton07", "Singleton07\Singleton07.vcxproj", "{9B1A822C-DAA9-4B56-B85A-F13DA1BBC294}"
EndProject
Project("{8BC9CEB8-8B4A-11D0-8D11-00A0C91BC942}") = "Flyweight04", "Flyweight04\Flyweight04.vcxproj", "{86AB0A98-1115-437E-B342-25F3DEC7CE3F}"
EndProject
Project("{8BC9CEB8-8B4A-11D0-8D11-00A0C91BC942}") = "Factory01", "Factory01\Factory01.vcxproj", "{EEC9D12C-E698-40EC-A33A-91C0151152CD}"
EndProject
Project("{8BC9CEB8-8B4A-11D0-8D11-00A0C91BC942}") = "Factory02", "Factory02\Factory02.vcxproj", "{D3205207-D9BF-4E07-9E43-C0C66C63FDC0}"
EndProject
Project("{8BC9CEB8-8B4A-11D0-8D11-00A0C91BC942}") = "Factory03", "Factory03\Factory03.vcxproj", "{22FFB112-2540-4533-A8ED-44E2895B1499}"
EndProject
Project("{8BC9CEB8-8B4A-11D0-8D11-00A0C91BC942}") = "Factory04", "Factory04\Factory04.vcxproj", "{C8A63764-651D-451A-9B25-5054FE9655BE}"
EndProject
Project("{8BC9CEB8-8B4A-11D0-8D11-00A0C91BC942}") = "Observer01", "Observer01\Observer01.vcxproj", "{4C28ABAC-F114-423D-A8BA-D00B294C96F5}"
EndProject
Project("{8BC9CEB8-8B4A-11D0-8D11-00A0C91BC942}") = "Observer02", "Observer02\Observer02.vcxproj", "{6F5E2574-06BD-45CD-B5D9-76C281654BDA}"
EndProject
Project("{8BC9CEB8-8B4A-11D0-8D11-00A0C91BC942}") = "Observer03", "Observer03\Observer03.vcxproj", "{58748B7E-D1BD-4637-9847-17B38E97A63A}"
EndProject
Project("{8BC9CEB8-8B4A-11D0-8D11-00A0C91BC942}") = "Observer04", "Observer04\Observer04.vcxproj", "{931737BE-6B36-4283-A14D-601477E93FAB}"
EndProject
Project("{8BC9CEB8-8B4A-11D0-8D11-00A0C91BC942}") = "Observer05", "Observer05\Observer05.vcxproj", "{8059008F-92FE-4626-BD0D-C5BF51DDF06B}"
EndProject
Project("{8BC9CEB8-8B4A-11D0-8D11-00A0C91BC942}") = "Observer06", "Observer06\Observer06.vcxproj", "{81BDF676-263F-4F2C-8D12-52CD42A081A3}"
EndProject
Global
	GlobalSection(SolutionConfigurationPlatforms) = preSolution
		Debug|x64 = Debug|x64
		Debug|x86 = Debug|x86
		Release|x64 = Release|x64
		Release|x86 = Release|x86
	EndGlobalSection
	GlobalSection(ProjectConfigurationPlatforms) = postSolution
		{94138949-C6BC-4780-9DC1-01BCC9212FD3}.Debug|x64.ActiveCfg = Debug|x64
		{94138949-C6BC-4780-9DC1-01BCC9212FD3}.Debug|x64.Build.0 = Debug|x64
		{94138949-C6BC-4780-9DC1-01BCC9212FD3}.Debug|x86.ActiveCfg = Debug|Win32
		{94138949-C6BC-4780-9DC1-01BCC9212FD3}.Debug|x86.Build.0 = Debug|Win32
		{94138949-C6BC-4780-9DC1-01BCC9212FD3}.Release|x64.ActiveCfg = Release|x64
		{94138949-C6BC-4780-9DC1-01BCC9212FD3}.Release|x64.Build.0 = Release|x64
		{94138949-C6BC-4780-9DC1-01BCC9212FD3}.Release|x86.ActiveCfg = Release|Win32
		{94138949-C6BC-4780-9DC1-01BCC9212FD3}.Release|x86.Build.0 = Release|Win32
		{79346FC3-938D-43E2-ABBB-5549FBD99F91}.Debug|x64.ActiveCfg = Debug|x64
		{79346FC3-938D-43E2-ABBB-5549FBD99F91}.Debug|x64.Build.0 = Debug|x64
		{79346FC3-938D-43E2-ABBB-5549FBD99F91}.Debug|x86.ActiveCfg = Debug|Win32
		{79346FC3-938D-43E2-ABBB-5549FBD99F91}.Debug|x86.Build.0 = Debug|Win32
		{79346FC3-938D-43E2-ABBB-5549FBD99F91}.Release|x64.ActiveCfg = Release|x64
		{79346FC3-938D-43E2-ABBB-5549FBD99F91}.Release|x64.Build.0 = Release|x64
		{79346FC3-938D-43E2-ABBB-5549FBD99F91}.Release|x86.ActiveCfg = Release|Win32
		{79346FC3-938D-43E2-ABBB-5549FBD99F91}.Release|x86.Build.0 = Release|Win32
		{91B81453-1369-4A7A-8EC5-06FD8E48806B}.Debug|x64.ActiveCfg = Debug|x64
		{91B81453-1369-4A7A-8EC5-06FD8E48806B}.Debug|x64.Build.0 = Debug|x64
		{91B81453-1369-4A7A-8EC5-06FD8E48806B}.Debug|x86.ActiveCfg = Debug|Win32
		{91B81453-1369-4A7A-8EC5-06FD8E48806B}.Debug|x86.Build.0 = Debug|Win32
		{91B81453-1369-4A7A-8EC5-06FD8E48806B}.Release|x64.ActiveCfg = Release|x64
		{91B81453-1369-4A7A-8EC5-06FD8E48806B}.Release|x64.Build.0 = Release|x64
		{91B81453-1369-4A7A-8EC5-06FD8E48806B}.Release|x86.ActiveCfg = Release|Win32
		{91B81453-1369-4A7A-8EC5-06FD8E48806B}.Release|x86.Build.0 = Release|Win32
		{E7645CD0-65BD-4243-A485-54C29A4890BF}.Debug|x64.ActiveCfg = Debug|x64
		{E7645CD0-65BD-4243-A485-54C29A4890BF}.Debug|x64.Build.0 = Debug|x64
		{E7645CD0-65BD-4243-A485-54C29A4890BF}.Debug|x86.ActiveCfg = Debug|Win32
		{E7645CD0-65BD-4243-A485-54C29A4890BF}.Debug|x86.Build.0 = Debug|Win32
		{E7645CD0-65BD-4243-A485-54C29A4890BF}.Release|x64.ActiveCfg = Release|x64
		{E7645CD0-65BD-4243-A485-54C29A4890BF}.Release|x64.Build.0 = Release|x64
		{E7645CD0-65BD-4243-A485-54C29A4890BF}.Release|x86.ActiveCfg = Release|Win32
		{E7645CD0-65BD-4243-A485-54C29A4890BF}.Release|x86.Build.0 = Release|Win32
		{9C5303F5-61DA-4A2F-8058-25B434DFA2E1}.Debug|x64.ActiveCfg = Debug|x64
		{9C5303F5-61DA-4A2F-8058-25B434DFA2E1}.Debug|x64.Build.0 = Debug|x64
		{9C5303F5-61DA-4A2F-8058-25B434DFA2E1}.Debug|x86.ActiveCfg = Debug|Win32
		{9C5303F5-61DA-4A2F-8058-25B434DFA2E1}.Debug|x86.Build.0 = Debug|Win32
		{9C5303F5-61DA-4A2F-8058-25B434DFA2E1}.Release|x64.ActiveCfg = Release|x64
		{9C5303F5-61DA-4A2F-8058-25B434DFA2E1}.Release|x64.Build.0 = Release|x64
		{9C5303F5-61DA-4A2F-8058-25B434DFA2E1}.Release|x86.ActiveCfg = Release|Win32
		{9C5303F5-61DA-4A2F-8058-25B434DFA2E1}.Release|x86.Build.0 = Release|Win32
		{2F14B756-012E-4267-BEA7-628153368497}.Debug|x64.ActiveCfg = Debug|x64
		{2F14B756-012E-4267-BEA7-628153368497}.Debug|x64.Build.0 = Debug|x64
		{2F14B756-012E-4267-BEA7-628153368497}.Debug|x86.ActiveCfg = Debug|Win32
		{2F14B756-012E-4267-BEA7-628153368497}.Debug|x86.Build.0 = Debug|Win32
		{2F14B756-012E-4267-BEA7-628153368497}.Release|x64.ActiveCfg = Release|x64
		{2F14B756-012E-4267-BEA7-628153368497}.Release|x64.Build.0 = Release|x64
		{2F14B756-012E-4267-BEA7-628153368497}.Release|x86.ActiveCfg = Release|Win32
		{2F14B756-012E-4267-BEA7-628153368497}.Release|x86.Build.0 = Release|Win32
		{49625574-7CE2-409A-B6E2-E056C8741816}.Debug|x64.ActiveCfg = Debug|x64
		{49625574-7CE2-409A-B6E2-E056C8741816}.Debug|x64.Build.0 = Debug|x64
		{49625574-7CE2-409A-B6E2-E056C8741816}.Debug|x86.ActiveCfg = Debug|Win32
		{49625574-7CE2-409A-B6E2-E056C8741816}.Debug|x86.Build.0 = Debug|Win32
		{49625574-7CE2-409A-B6E2-E056C8741816}.Release|x64.ActiveCfg = Release|x64
		{49625574-7CE2-409A-B6E2-E056C8741816}.Release|x64.Build.0 = Release|x64
		{49625574-7CE2-409A-B6E2-E056C8741816}.Release|x86.ActiveCfg = Release|Win32
		{49625574-7CE2-409A-B6E2-E056C8741816}.Release|x86.Build.0 = Release|Win32
		{4936F410-2A70-41BC-87EC-3384F5D65C5E}.Debug|x64.ActiveCfg = Debug|x64
		{4936F410-2A70-41BC-87EC-3384F5D65C5E}.Debug|x64.Build.0 = Debug|x64
		{4936F410-2A70-41BC-87EC-3384F5D65C5E}.Debug|x86.ActiveCfg = Debug|Win32
		{4936F410-2A70-41BC-87EC-3384F5D65C5E}.Debug|x86.Build.0 = Debug|Win32
		{4936F410-2A70-41BC-87EC-3384F5D65C5E}.Release|x64.ActiveCfg = Release|x64
		{4936F410-2A70-41BC-87EC-3384F5D65C5E}.Release|x64.Build.0 = Release|x64
		{4936F410-2A70-41BC-87EC-3384F5D65C5E}.Release|x86.ActiveCfg = Release|Win32
		{4936F410-2A70-41BC-87EC-3384F5D65C5E}.Release|x86.Build.0 = Release|Win32
		{1F45B13B-D63B-4C19-B6D4-E366D9A816A2}.Debug|x64.ActiveCfg = Debug|x64
		{1F45B13B-D63B-4C19-B6D4-E366D9A816A2}.Debug|x64.Build.0 = Debug|x64
		{1F45B13B-D63B-4C19-B6D4-E366D9A816A2}.Debug|x86.ActiveCfg = Debug|Win32
		{1F45B13B-D63B-4C19-B6D4-E366D9A816A2}.Debug|x86.Build.0 = Debug|Win32
		{1F45B13B-D63B-4C19-B6D4-E366D9A816A2}.Release|x64.ActiveCfg = Release|x64
		{1F45B13B-D63B-4C19-B6D4-E366D9A816A2}.Release|x64.Build.0 = Release|x64
		{1F45B13B-D63B-4C19-B6D4-E366D9A816A2}.Release|x86.ActiveCfg = Release|Win32
		{1F45B13B-D63B-4C19-B6D4-E366D9A816A2}.Release|x86.Build.0 = Release|Win32
		{9B1A822C-DAA9-4B56-B85A-F13DA1BBC294}.Debug|x64.ActiveCfg = Debug|x64
		{9B1A822C-DAA9-4B56-B85A-F13DA1BBC294}.Debug|x64.Build.0 = Debug|x64
		{9B1A822C-DAA9-4B56-B85A-F13DA1BBC294}.Debug|x86.ActiveCfg = Debug|Win32
		{9B1A822C-DAA9-4B56-B85A-F13DA1BBC294}.Debug|x86.Build.0 = Debug|Win32
		{9B1A822C-DAA9-4B56-B85A-F13DA1BBC294}.Release|x64.ActiveCfg = Release|x64
		{9B1A822C-DAA9-4B56-B85A-F13DA1BBC294}.Release|x64.Build.0 = Release|x64
		{9B1A822C-DAA9-4B56-B85A-F13DA1BBC294}.Release|x86.ActiveCfg = Release|Win32
		{9B1A822C-DAA9-4B56-B85A-F13DA1BBC294}.Release|x86.Build.0 = Release|Win32
		{86AB0A98-1115-437E-B342-25F3DEC7CE3F}.Debug|x64.ActiveCfg = Debug|x64
		{86AB0A98-1115-437E-B342-25F3DEC7CE3F}.Debug|x64.Build.0 = Debug|x64
		{86AB0A98-1115-437E-B342-25F3DEC7CE3F}.Debug|x86.ActiveCfg = Debug|Win32
		{86AB0A98-1115-437E-B342-25F3DEC7CE3F}.Debug|x86.Build.0 = Debug|Win32
		{86AB0A98-1115-437E-B342-25F3DEC7CE3F}.Release|x64.ActiveCfg = Release|x64
		{86AB0A98-1115-437E-B342-25F3DEC7CE3F}.Release|x64.Build.0 = Release|x64
		{86AB0A98-1115-437E-B342-25F3DEC7CE3F}.Release|x86.ActiveCfg = Release|Win32
		{86AB0A98-1115-437E-B342-25F3DEC7CE3F}.Release|x86.Build.0 = Release|Win32
		{EEC9D12C-E698-40EC-A33A-91C0151152CD}.Debug|x64.ActiveCfg = Debug|x64
		{EEC9D12C-E698-40EC-A33A-91C0151152CD}.Debug|x64.Build.0 = Debug|x64
		{EEC9D12C-E698-40EC-A33A-91C0151152CD}.Debug|x86.ActiveCfg = Debug|Win32
		{EEC9D12C-E698-40EC-A33A-91C0151152CD}.Debug|x86.Build.0 = Debug|Win32
		{EEC9D12C-E698-40EC-A33A-91C0151152CD}.Release|x64.ActiveCfg = Release|x64
		{EEC9D12C-E698-40EC-A33A-91C0151152CD}.Release|x64.Build.0 = Release|x64
		{EEC9D12C-E698-40EC-A33A-91C0151152CD}.Release|x86.ActiveCfg = Release|Win32
		{EEC9D12C-E698-40EC-A33A-91C0151152CD}.Release|x86.Build.0 = Release|Win32
		{D3205207-D9BF-4E07-9E43-C0C66C63FDC0}.Debug|x64.ActiveCfg = Debug|x64
		{D3205207-D9BF-4E07-9E43-C0C66C63FDC0}.Debug|x64.Build.0 = Debug|x64
		{D3205207-D9BF-4E07-9E43-C0C66C63FDC0}.Debug|x86.ActiveCfg = Debug|Win32
		{D3205207-D9BF-4E07-9E43-C0C66C63FDC0}.Debug|x86.Build.0 = Debug|Win32
		{D3205207-D9BF-4E07-9E43-C0C66C63FDC0}.Release|x64.ActiveCfg = Release|x64
		{D3205207-D9BF-4E07-9E43-C0C66C63FDC0}.Release|x64.Build.0 = Release|x64
		{D3205207-D9BF-4E07-9E43-C0C66C63FDC0}.Release|x86.ActiveCfg = Release|Win32
		{D3205207-D9BF-4E07-9E43-C0C66C63FDC0}.Release|x86.Build.0 = Release|Win32
		{22FFB112-2540-4533-A8ED-44E2895B1499}.Debug|x64.ActiveCfg = Debug|x64
		{22FFB112-2540-4533-A8ED-44E2895B1499}.Debug|x64.Build.0 = Debug|x64
		{22FFB112-2540-4533-A8ED-44E2895B1499}.Debug|x86.ActiveCfg = Debug|Win32
		{22FFB112-2540-4533-A8ED-44E2895B1499}.Debug|x86.Build.0 = Debug|Win32
		{22FFB112-2540-4533-A8ED-44E2895B1499}.Release|x64.ActiveCfg = Release|x64
		{22FFB112-2540-4533-A8ED-44E2895B1499}.Release|x64.Build.0 = Release|x64
		{22FFB112-2540-4533-A8ED-44E2895B1499}.Release|x86.ActiveCfg = Release|Win32
		{22FFB112-2540-4533-A8ED-44E2895B1499}.Release|x86.Build.0 = Release|Win32
		{C8A63764-651D-451A-9B25-5054FE9655BE}.Debug|x64.ActiveCfg = Debug|x64
		{C8A63764-651D-451A-9B25-5054FE9655BE}.Debug|x64.Build.0 = Debug|x64
		{C8A63764-651D-451A-9B25-5054FE9655BE}.Debug|x86.ActiveCfg = Debug|Win32
		{C8A63764-651D-451A-9B25-5054FE9655BE}.Debug|x86.Build.0 = Debug|Win32
		{C8A63764-651D-451A-9B25-5054FE9655BE}.Release|x64.ActiveCfg = Release|x64
		{C8A63764-651D-451A-9B25-5054FE9655BE}.Release|x64.Build.0 = Release|x64
		{C8A63764-651D-451A-9B25-5054FE9655BE}.Release|x86.ActiveCfg = Release|Win32
		{C8A63764-651D-451A-9B25-5054FE9655BE}.Release|x86.Build.0 = Release|Win32
		{4C28ABAC-F114-423D-A8BA-D00B294C96F5}.Debug|x64.ActiveCfg = Debug|x64
		{4C28ABAC-F114-423D-A8BA-D00B294C96F5}.Debug|x64.Build.0 = Debug|x64
		{4C28ABAC-F114-423D-A8BA-D00B294C96F5}.Debug|x86.ActiveCfg = Debug|Win32
		{4C28ABAC-F114-423D-A8BA-D00B294C96F5}.Debug|x86.Build.0 = Debug|Win32
		{4C28ABAC-F114-423D-A8BA-D00B294C96F5}.Release|x64.ActiveCfg = Release|x64
		{4C28ABAC-F114-423D-A8BA-D00B294C96F5}.Release|x64.Build.0 = Release|x64
		{4C28ABAC-F114-423D-A8BA-D00B294C96F5}.Release|x86.ActiveCfg = Release|Win32
		{4C28ABAC-F114-423D-A8BA-D00B294C96F5}.Release|x86.Build.0 = Release|Win32
		{6F5E2574-06BD-45CD-B5D9-76C281654BDA}.Debug|x64.ActiveCfg = Debug|x64
		{6F5E2574-06BD-45CD-B5D9-76C281654BDA}.Debug|x64.Build.0 = Debug|x64
		{6F5E2574-06BD-45CD-B5D9-76C281654BDA}.Debug|x86.ActiveCfg = Debug|Win32
		{6F5E2574-06BD-45CD-B5D9-76C281654BDA}.Debug|x86.Build.0 = Debug|Win32
		{6F5E2574-06BD-45CD-B5D9-76C281654BDA}.Release|x64.ActiveCfg = Release|x64
		{6F5E2574-06BD-45CD-B5D9-76C281654BDA}.Release|x64.Build.0 = Release|x64
		{6F5E2574-06BD-45CD-B5D9-76C281654BDA}.Release|x86.ActiveCfg = Release|Win32
		{6F5E2574-06BD-45CD-B5D9-76C281654BDA}.Release|x86.Build.0 = Release|Win32
		{58748B7E-D1BD-4637-9847-17B38E97A63A}.Debug|x64.ActiveCfg = Debug|x64
		{58748B7E-D1BD-4637-9847-17B38E97A63A}.Debug|x64.Build.0 = Debug|x64
		{58748B7E-D1BD-4637-9847-17B38E97A63A}.Debug|x86.ActiveCfg = Debug|Win32
		{58748B7E-D1BD-4637-9847-17B38E97A63A}.Debug|x86.Build.0 = Debug|Win32
		{58748B7E-D1BD-4637-9847-17B38E97A63A}.Release|x64.ActiveCfg = Release|x64
		{58748B7E-D1BD-4637-9847-17B38E97A63A}.Release|x64.Build.0 = Release|x64
		{58748B7E-D1BD-4637-9847-17B38E97A63A}.Release|x86.ActiveCfg = Release|Win32
		{58748B7E-D1BD-4637-9847-17B38E97A63A}.Release|x86.Build.0 = Release|Win32
		{931737BE-6B36-4283-A14D-601477E93FAB}.Debug|x64.ActiveCfg = Debug|x64
		{931737BE-6B36-4283-A14D-601477E93FAB}.Debug|x64.Build.0 = Debug|x64
		{931737BE-6B36-4283-A14D-601477E93FAB}.Debug|x86.ActiveCfg = Debug|Win32
		{931737BE-6B36-4283-A14D-601477E93FAB}.Debug|x86.Build.0 = Debug|Win32
		{931737BE-6B36-4283-A14D-601477E93FAB}.Release|x64.ActiveCfg = Release|x64
		{931737BE-6B36-4283-A14D-601477E93FAB}.Release|x64.Build.0 = Release|x64
		{931737BE-6B36-4283-A14D-601477E93FAB}.Release|x86.ActiveCfg = Release|Win32
		{931737BE-6B36-4283-A14D-601477E93FAB}.Release|x86.Build.0 = Release|Win32
		{8059008F-92FE-4626-BD0D-C5BF51DDF06B}.Debug|x64.ActiveCfg = Debug|x64
		{8059008F-92FE-4626-BD0D-C5BF51DDF06B}.Debug|x64.Build.0 = Debug|x64
		{8059008F-92FE-4626-BD0D-C5BF51DDF06B}.Debug|x86.ActiveCfg = Debug|Win32
		{8059008F-92FE-4626-BD0D-C5BF51DDF06B}.Debug|x86.Build.0 = Debug|Win32
		{8059008F-92FE-4626-BD0D-C5BF51DDF06B}.Release|x64.ActiveCfg = Release|x64
		{8059008F-92FE-4626-BD0D-C5BF51DDF06B}.Release|x64.Build.0 = Release|x64
		{8059008F-92FE-4626-BD0D-C5BF51DDF06B}.Release|x86.ActiveCfg = Release|Win32
		{8059008F-92FE-4626-BD0D-C5BF51DDF06B}.Release|x86.Build.0 = Release|Win32
		{81BDF676-263F-4F2C-8D12-52CD42A081A3}.Debug|x64.ActiveCfg = Debug|x64
		{81BDF676-263F-4F2C-8D12-52CD42A081A3}.Debug|x64.Build.0 = Debug|x64
		{81BDF676-263F-4F2C-8D12-52CD42A081A3}.Debug|x86.ActiveCfg = Debug|Win32
		{81BDF676-263F-4F2C-8D12-52CD42A081A3}.Debug|x86.Build.0 = Debug|Win32
		{81BDF676-263F-4F2C-8D12-52CD42A081A3}.Release|x64.ActiveCfg = Release|x64
		{81BDF676-263F-4F2C-8D12-52CD42A081A3}.Release|x64.Build.0 = Release|x64
		{81BDF676-263F-4F2C-8D12-52CD42A081A3}.Release|x86.ActiveCfg = Release|Win32
		{81BDF676-263F-4F2C-8D12-52CD42A081A3}.Release|x86.Build.0 = Release|Win32
	EndGlobalSection
	GlobalSection(SolutionProperties) = preSolution
		HideSolutionNode = FALSE
	EndGlobalSection
	GlobalSection(ExtensibilityGlobals) = postSolution
		SolutionGuid = {9BF22CA1-B52B-49E8-AF8D-16DAC6658898}
	EndGlobalSection
EndGlobal
