
Microsoft Visual Studio Solution File, Format Version 12.00
# Visual Studio 15
VisualStudioVersion = 15.0.28307.1022
MinimumVisualStudioVersion = 10.0.40219.1
Project("{8BC9CEB8-8B4A-11D0-8D11-00A0C91BC942}") = "Client", "Client\Client.vcxproj", "{E0DF8848-B949-4D50-843C-B935D76B2ECA}"
EndProject
Project("{8BC9CEB8-8B4A-11D0-8D11-00A0C91BC942}") = "MultiServer", "MultiServer\MultiServer.vcxproj", "{DC043B54-DD2E-46A5-A590-00C07FF05751}"
EndProject
Global
	GlobalSection(SolutionConfigurationPlatforms) = preSolution
		Debug|x64 = Debug|x64
		Debug|x86 = Debug|x86
		Release|x64 = Release|x64
		Release|x86 = Release|x86
	EndGlobalSection
	GlobalSection(ProjectConfigurationPlatforms) = postSolution
		{E0DF8848-B949-4D50-843C-B935D76B2ECA}.Debug|x64.ActiveCfg = Debug|x64
		{E0DF8848-B949-4D50-843C-B935D76B2ECA}.Debug|x64.Build.0 = Debug|x64
		{E0DF8848-B949-4D50-843C-B935D76B2ECA}.Debug|x86.ActiveCfg = Debug|Win32
		{E0DF8848-B949-4D50-843C-B935D76B2ECA}.Debug|x86.Build.0 = Debug|Win32
		{E0DF8848-B949-4D50-843C-B935D76B2ECA}.Release|x64.ActiveCfg = Release|x64
		{E0DF8848-B949-4D50-843C-B935D76B2ECA}.Release|x64.Build.0 = Release|x64
		{E0DF8848-B949-4D50-843C-B935D76B2ECA}.Release|x86.ActiveCfg = Release|Win32
		{E0DF8848-B949-4D50-843C-B935D76B2ECA}.Release|x86.Build.0 = Release|Win32
		{DC043B54-DD2E-46A5-A590-00C07FF05751}.Debug|x64.ActiveCfg = Debug|x64
		{DC043B54-DD2E-46A5-A590-00C07FF05751}.Debug|x64.Build.0 = Debug|x64
		{DC043B54-DD2E-46A5-A590-00C07FF05751}.Debug|x86.ActiveCfg = Debug|Win32
		{DC043B54-DD2E-46A5-A590-00C07FF05751}.Debug|x86.Build.0 = Debug|Win32
		{DC043B54-DD2E-46A5-A590-00C07FF05751}.Release|x64.ActiveCfg = Release|x64
		{DC043B54-DD2E-46A5-A590-00C07FF05751}.Release|x64.Build.0 = Release|x64
		{DC043B54-DD2E-46A5-A590-00C07FF05751}.Release|x86.ActiveCfg = Release|Win32
		{DC043B54-DD2E-46A5-A590-00C07FF05751}.Release|x86.Build.0 = Release|Win32
	EndGlobalSection
	GlobalSection(SolutionProperties) = preSolution
		HideSolutionNode = FALSE
	EndGlobalSection
	GlobalSection(ExtensibilityGlobals) = postSolution
		SolutionGuid = {DF53B101-CE50-4131-92DA-A2B92627A8A5}
	EndGlobalSection
EndGlobal
